// !$*UTF8*$!
{
	archiveVersion = 1;
	classes = {
	};
	objectVersion = 56;
	objects = {

/* Begin PBXBuildFile section */
		C9D8A8FE2D5A3093004C8646 /* EkycIOS.docc in Sources */ = {isa = PBXBuildFile; fileRef = C9D8A8FD2D5A3093004C8646 /* EkycIOS.docc */; };
		C9D8A9042D5A3093004C8646 /* EkycIOS.framework in Frameworks */ = {isa = PBXBuildFile; fileRef = C9D8A8F92D5A3092004C8646 /* EkycIOS.framework */; };
		C9D8A9092D5A3093004C8646 /* EkycIOSTests.swift in Sources */ = {isa = PBXBuildFile; fileRef = C9D8A9082D5A3093004C8646 /* EkycIOSTests.swift */; };
		C9D8A90A2D5A3093004C8646 /* EkycIOS.h in Headers */ = {isa = PBXBuildFile; fileRef = C9D8A8FC2D5A3093004C8646 /* EkycIOS.h */; settings = {ATTRIBUTES = (Public, ); }; };
		C9D8A91E2D5A30B5004C8646 /* Ktp.swift in Sources */ = {isa = PBXBuildFile; fileRef = C9D8A91C2D5A30B5004C8646 /* Ktp.swift */; };
/* End PBXBuildFile section */

/* Begin PBXContainerItemProxy section */
		C9D8A9052D5A3093004C8646 /* PBXContainerItemProxy */ = {
			isa = PBXContainerItemProxy;
			containerPortal = C9D8A8F02D5A3092004C8646 /* Project object */;
			proxyType = 1;
			remoteGlobalIDString = C9D8A8F82D5A3092004C8646;
			remoteInfo = EkycIOS;
		};
/* End PBXContainerItemProxy section */

/* Begin PBXFileReference section */
		C9D8A8F92D5A3092004C8646 /* EkycIOS.framework */ = {isa = PBXFileReference; explicitFileType = wrapper.framework; includeInIndex = 0; path = EkycIOS.framework; sourceTree = BUILT_PRODUCTS_DIR; };
		C9D8A8FC2D5A3093004C8646 /* EkycIOS.h */ = {isa = PBXFileReference; lastKnownFileType = sourcecode.c.h; path = EkycIOS.h; sourceTree = "<group>"; };
		C9D8A8FD2D5A3093004C8646 /* EkycIOS.docc */ = {isa = PBXFileReference; lastKnownFileType = folder.documentationcatalog; path = EkycIOS.docc; sourceTree = "<group>"; };
		C9D8A9032D5A3093004C8646 /* EkycIOSTests.xctest */ = {isa = PBXFileReference; explicitFileType = wrapper.cfbundle; includeInIndex = 0; path = EkycIOSTests.xctest; sourceTree = BUILT_PRODUCTS_DIR; };
		C9D8A9082D5A3093004C8646 /* EkycIOSTests.swift */ = {isa = PBXFileReference; lastKnownFileType = sourcecode.swift; path = EkycIOSTests.swift; sourceTree = "<group>"; };
		C9D8A91C2D5A30B5004C8646 /* Ktp.swift */ = {isa = PBXFileReference; fileEncoding = 4; lastKnownFileType = sourcecode.swift; path = Ktp.swift; sourceTree = "<group>"; };
/* End PBXFileReference section */

/* Begin PBXFrameworksBuildPhase section */
		C9D8A8F62D5A3092004C8646 /* Frameworks */ = {
			isa = PBXFrameworksBuildPhase;
			buildActionMask = 2147483647;
			files = (
			);
			runOnlyForDeploymentPostprocessing = 0;
		};
		C9D8A9002D5A3093004C8646 /* Frameworks */ = {
			isa = PBXFrameworksBuildPhase;
			buildActionMask = 2147483647;
			files = (
				C9D8A9042D5A3093004C8646 /* EkycIOS.framework in Frameworks */,
			);
			runOnlyForDeploymentPostprocessing = 0;
		};
/* End PBXFrameworksBuildPhase section */

/* Begin PBXGroup section */
		C9D8A8EF2D5A3092004C8646 = {
			isa = PBXGroup;
			children = (
				C9D8A8FB2D5A3092004C8646 /* EkycIOS */,
				C9D8A9072D5A3093004C8646 /* EkycIOSTests */,
				C9D8A8FA2D5A3092004C8646 /* Products */,
			);
			sourceTree = "<group>";
		};
		C9D8A8FA2D5A3092004C8646 /* Products */ = {
			isa = PBXGroup;
			children = (
				C9D8A8F92D5A3092004C8646 /* EkycIOS.framework */,
				C9D8A9032D5A3093004C8646 /* EkycIOSTests.xctest */,
			);
			name = Products;
			sourceTree = "<group>";
		};
		C9D8A8FB2D5A3092004C8646 /* EkycIOS */ = {
			isa = PBXGroup;
			children = (
				C9D8A91D2D5A30B5004C8646 /* Model */,
				C9D8A8FC2D5A3093004C8646 /* EkycIOS.h */,
				C9D8A8FD2D5A3093004C8646 /* EkycIOS.docc */,
			);
			path = EkycIOS;
			sourceTree = "<group>";
		};
		C9D8A9072D5A3093004C8646 /* EkycIOSTests */ = {
			isa = PBXGroup;
			children = (
				C9D8A9082D5A3093004C8646 /* EkycIOSTests.swift */,
			);
			path = EkycIOSTests;
			sourceTree = "<group>";
		};
		C9D8A91D2D5A30B5004C8646 /* Model */ = {
			isa = PBXGroup;
			children = (
				C9D8A91C2D5A30B5004C8646 /* Ktp.swift */,
			);
			path = Model;
			sourceTree = "<group>";
		};
/* End PBXGroup section */

/* Begin PBXHeadersBuildPhase section */
		C9D8A8F42D5A3092004C8646 /* Headers */ = {
			isa = PBXHeadersBuildPhase;
			buildActionMask = 2147483647;
			files = (
				C9D8A90A2D5A3093004C8646 /* EkycIOS.h in Headers */,
			);
			runOnlyForDeploymentPostprocessing = 0;
		};
/* End PBXHeadersBuildPhase section */

/* Begin PBXNativeTarget section */
		C9D8A8F82D5A3092004C8646 /* EkycIOS */ = {
			isa = PBXNativeTarget;
			buildConfigurationList = C9D8A90D2D5A3093004C8646 /* Build configuration list for PBXNativeTarget "EkycIOS" */;
			buildPhases = (
				C9D8A8F42D5A3092004C8646 /* Headers */,
				C9D8A8F52D5A3092004C8646 /* Sources */,
				C9D8A8F62D5A3092004C8646 /* Frameworks */,
				C9D8A8F72D5A3092004C8646 /* Resources */,
			);
			buildRules = (
			);
			dependencies = (
			);
			name = EkycIOS;
			productName = EkycIOS;
			productReference = C9D8A8F92D5A3092004C8646 /* EkycIOS.framework */;
			productType = "com.apple.product-type.framework";
		};
		C9D8A9022D5A3093004C8646 /* EkycIOSTests */ = {
			isa = PBXNativeTarget;
			buildConfigurationList = C9D8A9102D5A3093004C8646 /* Build configuration list for PBXNativeTarget "EkycIOSTests" */;
			buildPhases = (
				C9D8A8FF2D5A3093004C8646 /* Sources */,
				C9D8A9002D5A3093004C8646 /* Frameworks */,
				C9D8A9012D5A3093004C8646 /* Resources */,
			);
			buildRules = (
			);
			dependencies = (
				C9D8A9062D5A3093004C8646 /* PBXTargetDependency */,
			);
			name = EkycIOSTests;
			productName = EkycIOSTests;
			productReference = C9D8A9032D5A3093004C8646 /* EkycIOSTests.xctest */;
			productType = "com.apple.product-type.bundle.unit-test";
		};
/* End PBXNativeTarget section */

/* Begin PBXProject section */
		C9D8A8F02D5A3092004C8646 /* Project object */ = {
			isa = PBXProject;
			attributes = {
				BuildIndependentTargetsInParallel = 1;
				LastSwiftUpdateCheck = 1540;
				LastUpgradeCheck = 1540;
				TargetAttributes = {
					C9D8A8F82D5A3092004C8646 = {
						CreatedOnToolsVersion = 15.4;
					};
					C9D8A9022D5A3093004C8646 = {
						CreatedOnToolsVersion = 15.4;
					};
				};
			};
			buildConfigurationList = C9D8A8F32D5A3092004C8646 /* Build configuration list for PBXProject "EkycIOS" */;
			compatibilityVersion = "Xcode 14.0";
			developmentRegion = en;
			hasScannedForEncodings = 0;
			knownRegions = (
				en,
				Base,
			);
			mainGroup = C9D8A8EF2D5A3092004C8646;
			productRefGroup = C9D8A8FA2D5A3092004C8646 /* Products */;
			projectDirPath = "";
			projectRoot = "";
			targets = (
				C9D8A8F82D5A3092004C8646 /* EkycIOS */,
				C9D8A9022D5A3093004C8646 /* EkycIOSTests */,
			);
		};
/* End PBXProject section */

/* Begin PBXResourcesBuildPhase section */
		C9D8A8F72D5A3092004C8646 /* Resources */ = {
			isa = PBXResourcesBuildPhase;
			buildActionMask = 2147483647;
			files = (
			);
			runOnlyForDeploymentPostprocessing = 0;
		};
		C9D8A9012D5A3093004C8646 /* Resources */ = {
			isa = PBXResourcesBuildPhase;
			buildActionMask = 2147483647;
			files = (
			);
			runOnlyForDeploymentPostprocessing = 0;
		};
/* End PBXResourcesBuildPhase section */

/* Begin PBXSourcesBuildPhase section */
		C9D8A8F52D5A3092004C8646 /* Sources */ = {
			isa = PBXSourcesBuildPhase;
			buildActionMask = 2147483647;
			files = (
				C9D8A8FE2D5A3093004C8646 /* EkycIOS.docc in Sources */,
				C9D8A91E2D5A30B5004C8646 /* Ktp.swift in Sources */,
			);
			runOnlyForDeploymentPostprocessing = 0;
		};
		C9D8A8FF2D5A3093004C8646 /* Sources */ = {
			isa = PBXSourcesBuildPhase;
			buildActionMask = 2147483647;
			files = (
				C9D8A9092D5A3093004C8646 /* EkycIOSTests.swift in Sources */,
			);
			runOnlyForDeploymentPostprocessing = 0;
		};
/* End PBXSourcesBuildPhase section */

/* Begin PBXTargetDependency section */
		C9D8A9062D5A3093004C8646 /* PBXTargetDependency */ = {
			isa = PBXTargetDependency;
			target = C9D8A8F82D5A3092004C8646 /* EkycIOS */;
			targetProxy = C9D8A9052D5A3093004C8646 /* PBXContainerItemProxy */;
		};
/* End PBXTargetDependency section */

/* Begin XCBuildConfiguration section */
		C9D8A90B2D5A3093004C8646 /* Debug */ = {
			isa = XCBuildConfiguration;
			buildSettings = {
				ALWAYS_SEARCH_USER_PATHS = NO;
				ASSETCATALOG_COMPILER_GENERATE_SWIFT_ASSET_SYMBOL_EXTENSIONS = YES;
				CLANG_ANALYZER_NONNULL = YES;
				CLANG_ANALYZER_NUMBER_OBJECT_CONVERSION = YES_AGGRESSIVE;
				CLANG_CXX_LANGUAGE_STANDARD = "gnu++20";
				CLANG_ENABLE_MODULES = YES;
				CLANG_ENABLE_OBJC_ARC = YES;
				CLANG_ENABLE_OBJC_WEAK = YES;
				CLANG_WARN_BLOCK_CAPTURE_AUTORELEASING = YES;
				CLANG_WARN_BOOL_CONVERSION = YES;
				CLANG_WARN_COMMA = YES;
				CLANG_WARN_CONSTANT_CONVERSION = YES;
				CLANG_WARN_DEPRECATED_OBJC_IMPLEMENTATIONS = YES;
				CLANG_WARN_DIRECT_OBJC_ISA_USAGE = YES_ERROR;
				CLANG_WARN_DOCUMENTATION_COMMENTS = YES;
				CLANG_WARN_EMPTY_BODY = YES;
				CLANG_WARN_ENUM_CONVERSION = YES;
				CLANG_WARN_INFINITE_RECURSION = YES;
				CLANG_WARN_INT_CONVERSION = YES;
				CLANG_WARN_NON_LITERAL_NULL_CONVERSION = YES;
				CLANG_WARN_OBJC_IMPLICIT_RETAIN_SELF = YES;
				CLANG_WARN_OBJC_LITERAL_CONVERSION = YES;
				CLANG_WARN_OBJC_ROOT_CLASS = YES_ERROR;
				CLANG_WARN_QUOTED_INCLUDE_IN_FRAMEWORK_HEADER = YES;
				CLANG_WARN_RANGE_LOOP_ANALYSIS = YES;
				CLANG_WARN_STRICT_PROTOTYPES = YES;
				CLANG_WARN_SUSPICIOUS_MOVE = YES;
				CLANG_WARN_UNGUARDED_AVAILABILITY = YES_AGGRESSIVE;
				CLANG_WARN_UNREACHABLE_CODE = YES;
				CLANG_WARN__DUPLICATE_METHOD_MATCH = YES;
				COPY_PHASE_STRIP = NO;
				CURRENT_PROJECT_VERSION = 1;
				DEBUG_INFORMATION_FORMAT = dwarf;
				ENABLE_STRICT_OBJC_MSGSEND = YES;
				ENABLE_TESTABILITY = YES;
				ENABLE_USER_SCRIPT_SANDBOXING = YES;
				GCC_C_LANGUAGE_STANDARD = gnu17;
				GCC_DYNAMIC_NO_PIC = NO;
				GCC_NO_COMMON_BLOCKS = YES;
				GCC_OPTIMIZATION_LEVEL = 0;
				GCC_PREPROCESSOR_DEFINITIONS = (
					"DEBUG=1",
					"$(inherited)",
				);
				GCC_WARN_64_TO_32_BIT_CONVERSION = YES;
				GCC_WARN_ABOUT_RETURN_TYPE = YES_ERROR;
				GCC_WARN_UNDECLARED_SELECTOR = YES;
				GCC_WARN_UNINITIALIZED_AUTOS = YES_AGGRESSIVE;
				GCC_WARN_UNUSED_FUNCTION = YES;
				GCC_WARN_UNUSED_VARIABLE = YES;
				IPHONEOS_DEPLOYMENT_TARGET = 17.5;
				LOCALIZATION_PREFERS_STRING_CATALOGS = YES;
				MTL_ENABLE_DEBUG_INFO = INCLUDE_SOURCE;
				MTL_FAST_MATH = YES;
				ONLY_ACTIVE_ARCH = YES;
				SDKROOT = iphoneos;
				SWIFT_ACTIVE_COMPILATION_CONDITIONS = "DEBUG $(inherited)";
				SWIFT_OPTIMIZATION_LEVEL = "-Onone";
				VERSIONING_SYSTEM = "apple-generic";
				VERSION_INFO_PREFIX = "";
			};
			name = Debug;
		};
		C9D8A90C2D5A3093004C8646 /* Release */ = {
			isa = XCBuildConfiguration;
			buildSettings = {
				ALWAYS_SEARCH_USER_PATHS = NO;
				ASSETCATALOG_COMPILER_GENERATE_SWIFT_ASSET_SYMBOL_EXTENSIONS = YES;
				CLANG_ANALYZER_NONNULL = YES;
				CLANG_ANALYZER_NUMBER_OBJECT_CONVERSION = YES_AGGRESSIVE;
				CLANG_CXX_LANGUAGE_STANDARD = "gnu++20";
				CLANG_ENABLE_MODULES = YES;
				CLANG_ENABLE_OBJC_ARC = YES;
				CLANG_ENABLE_OBJC_WEAK = YES;
				CLANG_WARN_BLOCK_CAPTURE_AUTORELEASING = YES;
				CLANG_WARN_BOOL_CONVERSION = YES;
				CLANG_WARN_COMMA = YES;
				CLANG_WARN_CONSTANT_CONVERSION = YES;
				CLANG_WARN_DEPRECATED_OBJC_IMPLEMENTATIONS = YES;
				CLANG_WARN_DIRECT_OBJC_ISA_USAGE = YES_ERROR;
				CLANG_WARN_DOCUMENTATION_COMMENTS = YES;
				CLANG_WARN_EMPTY_BODY = YES;
				CLANG_WARN_ENUM_CONVERSION = YES;
				CLANG_WARN_INFINITE_RECURSION = YES;
				CLANG_WARN_INT_CONVERSION = YES;
				CLANG_WARN_NON_LITERAL_NULL_CONVERSION = YES;
				CLANG_WARN_OBJC_IMPLICIT_RETAIN_SELF = YES;
				CLANG_WARN_OBJC_LITERAL_CONVERSION = YES;
				CLANG_WARN_OBJC_ROOT_CLASS = YES_ERROR;
				CLANG_WARN_QUOTED_INCLUDE_IN_FRAMEWORK_HEADER = YES;
				CLANG_WARN_RANGE_LOOP_ANALYSIS = YES;
				CLANG_WARN_STRICT_PROTOTYPES = YES;
				CLANG_WARN_SUSPICIOUS_MOVE = YES;
				CLANG_WARN_UNGUARDED_AVAILABILITY = YES_AGGRESSIVE;
				CLANG_WARN_UNREACHABLE_CODE = YES;
				CLANG_WARN__DUPLICATE_METHOD_MATCH = YES;
				COPY_PHASE_STRIP = NO;
				CURRENT_PROJECT_VERSION = 1;
				DEBUG_INFORMATION_FORMAT = "dwarf-with-dsym";
				ENABLE_NS_ASSERTIONS = NO;
				ENABLE_STRICT_OBJC_MSGSEND = YES;
				ENABLE_USER_SCRIPT_SANDBOXING = YES;
				GCC_C_LANGUAGE_STANDARD = gnu17;
				GCC_NO_COMMON_BLOCKS = YES;
				GCC_WARN_64_TO_32_BIT_CONVERSION = YES;
				GCC_WARN_ABOUT_RETURN_TYPE = YES_ERROR;
				GCC_WARN_UNDECLARED_SELECTOR = YES;
				GCC_WARN_UNINITIALIZED_AUTOS = YES_AGGRESSIVE;
				GCC_WARN_UNUSED_FUNCTION = YES;
				GCC_WARN_UNUSED_VARIABLE = YES;
				IPHONEOS_DEPLOYMENT_TARGET = 17.5;
				LOCALIZATION_PREFERS_STRING_CATALOGS = YES;
				MTL_ENABLE_DEBUG_INFO = NO;
				MTL_FAST_MATH = YES;
				SDKROOT = iphoneos;
				SWIFT_COMPILATION_MODE = wholemodule;
				VALIDATE_PRODUCT = YES;
				VERSIONING_SYSTEM = "apple-generic";
				VERSION_INFO_PREFIX = "";
			};
			name = Release;
		};
		C9D8A90E2D5A3093004C8646 /* Debug */ = {
			isa = XCBuildConfiguration;
			buildSettings = {
				BUILD_LIBRARY_FOR_DISTRIBUTION = YES;
				CODE_SIGN_STYLE = Automatic;
				CURRENT_PROJECT_VERSION = 1;
				DEFINES_MODULE = YES;
				DYLIB_COMPATIBILITY_VERSION = 1;
				DYLIB_CURRENT_VERSION = 1;
				DYLIB_INSTALL_NAME_BASE = "@rpath";
				ENABLE_MODULE_VERIFIER = YES;
				GENERATE_INFOPLIST_FILE = YES;
				INFOPLIST_KEY_NSHumanReadableCopyright = "";
				INSTALL_PATH = "$(LOCAL_LIBRARY_DIR)/Frameworks";
				LD_RUNPATH_SEARCH_PATHS = (
					"$(inherited)",
					"@executable_path/Frameworks",
					"@loader_path/Frameworks",
				);
				MARKETING_VERSION = 1.0;
				MODULE_VERIFIER_SUPPORTED_LANGUAGES = "objective-c objective-c++";
				MODULE_VERIFIER_SUPPORTED_LANGUAGE_STANDARDS = "gnu17 gnu++20";
				PRODUCT_BUNDLE_IDENTIFIER = com.test.EkycIOS;
				PRODUCT_NAME = "$(TARGET_NAME:c99extidentifier)";
				SKIP_INSTALL = YES;
				SWIFT_EMIT_LOC_STRINGS = YES;
				SWIFT_INSTALL_OBJC_HEADER = NO;
				SWIFT_VERSION = 5.0;
				TARGETED_DEVICE_FAMILY = "1,2";
			};
			name = Debug;
		};
		C9D8A90F2D5A3093004C8646 /* Release */ = {
			isa = XCBuildConfiguration;
			buildSettings = {
				BUILD_LIBRARY_FOR_DISTRIBUTION = YES;
				CODE_SIGN_STYLE = Automatic;
				CURRENT_PROJECT_VERSION = 1;
				DEFINES_MODULE = YES;
				DYLIB_COMPATIBILITY_VERSION = 1;
				DYLIB_CURRENT_VERSION = 1;
				DYLIB_INSTALL_NAME_BASE = "@rpath";
				ENABLE_MODULE_VERIFIER = YES;
				GENERATE_INFOPLIST_FILE = YES;
				INFOPLIST_KEY_NSHumanReadableCopyright = "";
				INSTALL_PATH = "$(LOCAL_LIBRARY_DIR)/Frameworks";
				LD_RUNPATH_SEARCH_PATHS = (
					"$(inherited)",
					"@executable_path/Frameworks",
					"@loader_path/Frameworks",
				);
				MARKETING_VERSION = 1.0;
				MODULE_VERIFIER_SUPPORTED_LANGUAGES = "objective-c objective-c++";
				MODULE_VERIFIER_SUPPORTED_LANGUAGE_STANDARDS = "gnu17 gnu++20";
				PRODUCT_BUNDLE_IDENTIFIER = com.test.EkycIOS;
				PRODUCT_NAME = "$(TARGET_NAME:c99extidentifier)";
				SKIP_INSTALL = YES;
				SWIFT_EMIT_LOC_STRINGS = YES;
				SWIFT_INSTALL_OBJC_HEADER = NO;
				SWIFT_VERSION = 5.0;
				TARGETED_DEVICE_FAMILY = "1,2";
			};
			name = Release;
		};
		C9D8A9112D5A3093004C8646 /* Debug */ = {
			isa = XCBuildConfiguration;
			buildSettings = {
				ALWAYS_EMBED_SWIFT_STANDARD_LIBRARIES = YES;
				CODE_SIGN_STYLE = Automatic;
				CURRENT_PROJECT_VERSION = 1;
				GENERATE_INFOPLIST_FILE = YES;
				MARKETING_VERSION = 1.0;
				PRODUCT_BUNDLE_IDENTIFIER = com.test.EkycIOSTests;
				PRODUCT_NAME = "$(TARGET_NAME)";
				SWIFT_EMIT_LOC_STRINGS = NO;
				SWIFT_VERSION = 5.0;
				TARGETED_DEVICE_FAMILY = "1,2";
			};
			name = Debug;
		};
		C9D8A9122D5A3093004C8646 /* Release */ = {
			isa = XCBuildConfiguration;
			buildSettings = {
				ALWAYS_EMBED_SWIFT_STANDARD_LIBRARIES = YES;
				CODE_SIGN_STYLE = Automatic;
				CURRENT_PROJECT_VERSION = 1;
				GENERATE_INFOPLIST_FILE = YES;
				MARKETING_VERSION = 1.0;
				PRODUCT_BUNDLE_IDENTIFIER = com.test.EkycIOSTests;
				PRODUCT_NAME = "$(TARGET_NAME)";
				SWIFT_EMIT_LOC_STRINGS = NO;
				SWIFT_VERSION = 5.0;
				TARGETED_DEVICE_FAMILY = "1,2";
			};
			name = Release;
		};
/* End XCBuildConfiguration section */

/* Begin XCConfigurationList section */
		C9D8A8F32D5A3092004C8646 /* Build configuration list for PBXProject "EkycIOS" */ = {
			isa = XCConfigurationList;
			buildConfigurations = (
				C9D8A90B2D5A3093004C8646 /* Debug */,
				C9D8A90C2D5A3093004C8646 /* Release */,
			);
			defaultConfigurationIsVisible = 0;
			defaultConfigurationName = Release;
		};
		C9D8A90D2D5A3093004C8646 /* Build configuration list for PBXNativeTarget "EkycIOS" */ = {
			isa = XCConfigurationList;
			buildConfigurations = (
				C9D8A90E2D5A3093004C8646 /* Debug */,
				C9D8A90F2D5A3093004C8646 /* Release */,
			);
			defaultConfigurationIsVisible = 0;
			defaultConfigurationName = Release;
		};
		C9D8A9102D5A3093004C8646 /* Build configuration list for PBXNativeTarget "EkycIOSTests" */ = {
			isa = XCConfigurationList;
			buildConfigurations = (
				C9D8A9112D5A3093004C8646 /* Debug */,
				C9D8A9122D5A3093004C8646 /* Release */,
			);
			defaultConfigurationIsVisible = 0;
			defaultConfigurationName = Release;
		};
/* End XCConfigurationList section */
	};
	rootObject = C9D8A8F02D5A3092004C8646 /* Project object */;
}
