{
  "originHash" : "8feca086a95b313f84ad90b94c31b7e3cdd4b99205e471c4207a993c3958f507",
  "pins" : [
    {
      "identity" : "ssdatetimepicker",
      "kind" : "remoteSourceControl",
      "location" : "https://github.com/SimformSolutionsPvtLtd/SSDateTimePicker",
      "state" : {
        "revision" : "286fbbfd3b33e809f66dff57258cb6b3c507b2af",
        "version" : "1.0.0"
      }
    }
  ],
  "version" : 3
}
